
Microsoft Visual Studio Solution File, Format Version 12.00
# Visual Studio Version 17
VisualStudioVersion = 17.5.002.0
MinimumVisualStudioVersion = 10.0.40219.1
Project("{9A19103F-16F7-4668-BE54-9A1E7A4F7556}") = "api", "api\api.csproj", "{DE6EEB00-14BC-4B2E-BA38-76C448422BE2}"
EndProject
Project("{E53339B2-1760-4266-BCC7-CA923CBCF16C}") = "docker-compose", "docker-compose.dcproj", "{CC96C20E-A6A7-4258-8BB1-949893A3DB52}"
EndProject
Global
	GlobalSection(SolutionConfigurationPlatforms) = preSolution
		Debug|Any CPU = Debug|Any CPU
		Release|Any CPU = Release|Any CPU
	EndGlobalSection
	GlobalSection(ProjectConfigurationPlatforms) = postSolution
		{DE6EEB00-14BC-4B2E-BA38-76C448422BE2}.Debug|Any CPU.ActiveCfg = Debug|Any CPU
		{DE6EEB00-14BC-4B2E-BA38-76C448422BE2}.Debug|Any CPU.Build.0 = Debug|Any CPU
		{DE6EEB00-14BC-4B2E-BA38-76C448422BE2}.Release|Any CPU.ActiveCfg = Release|Any CPU
		{DE6EEB00-14BC-4B2E-BA38-76C448422BE2}.Release|Any CPU.Build.0 = Release|Any CPU
		{CC96C20E-A6A7-4258-8BB1-949893A3DB52}.Debug|Any CPU.ActiveCfg = Debug|Any CPU
		{CC96C20E-A6A7-4258-8BB1-949893A3DB52}.Debug|Any CPU.Build.0 = Debug|Any CPU
		{CC96C20E-A6A7-4258-8BB1-949893A3DB52}.Release|Any CPU.ActiveCfg = Release|Any CPU
		{CC96C20E-A6A7-4258-8BB1-949893A3DB52}.Release|Any CPU.Build.0 = Release|Any CPU
	EndGlobalSection
	GlobalSection(SolutionProperties) = preSolution
		HideSolutionNode = FALSE
	EndGlobalSection
	GlobalSection(ExtensibilityGlobals) = postSolution
		SolutionGuid = {CAF8FF42-7F29-4ED0-A63D-FF77EAAEF9F9}
	EndGlobalSection
EndGlobal
